
Microsoft Visual Studio Solution File, Format Version 12.00
# Visual Studio 15
VisualStudioVersion = 15.0.28307.168
MinimumVisualStudioVersion = 10.0.40219.1
Project("{FAE04EC0-301F-11D3-BF4B-00C04F79EFBC}") = "c0727466", "c0727466\c0727466.csproj", "{A2F9DCD0-EC12-4458-926A-8CED960F321A}"
EndProject
Global
	GlobalSection(SolutionConfigurationPlatforms) = preSolution
		Debug|Any CPU = Debug|Any CPU
		Release|Any CPU = Release|Any CPU
	EndGlobalSection
	GlobalSection(ProjectConfigurationPlatforms) = postSolution
		{A2F9DCD0-EC12-4458-926A-8CED960F321A}.Debug|Any CPU.ActiveCfg = Debug|Any CPU
		{A2F9DCD0-EC12-4458-926A-8CED960F321A}.Debug|Any CPU.Build.0 = Debug|Any CPU
		{A2F9DCD0-EC12-4458-926A-8CED960F321A}.Release|Any CPU.ActiveCfg = Release|Any CPU
		{A2F9DCD0-EC12-4458-926A-8CED960F321A}.Release|Any CPU.Build.0 = Release|Any CPU
	EndGlobalSection
	GlobalSection(SolutionProperties) = preSolution
		HideSolutionNode = FALSE
	EndGlobalSection
	GlobalSection(ExtensibilityGlobals) = postSolution
		SolutionGuid = {158ACDB1-38E2-4DE7-9E40-4232667EC0F1}
	EndGlobalSection
EndGlobal
